{
  "version": 4,
  "terraform_version": "1.5.0",
  "serial": 4,
  "lineage": "2b549a4e-df65-16c7-c718-0a5c8add15bd",
  "outputs": {
    "sql_connection_string": {
      "value": null,
      "type": "string"
    },
    "vm_public_ip": {
      "value": null,
      "type": "string"
    }
  },
  "resources": [
    {
      "mode": "managed",
      "type": "azurerm_resource_group",
      "name": "rg",
      "provider": "provider[\"registry.terraform.io/hashicorp/azurerm\"]",
      "instances": [
        {
          "schema_version": 0,
          "attributes": {
            "id": "/subscriptions/189548b6-6700-43c9-a255-ea1c906f05a2/resourceGroups/vm_sql_rg567",
            "location": "australiaeast",
            "managed_by": "",
            "name": "vm_sql_rg567",
            "tags": {},
            "timeouts": null
          },
          "sensitive_attributes": [],
          "private": "eyJlMmJmYjczMC1lY2FhLTExZTYtOGY4OC0zNDM2M2JjN2M0YzAiOnsiY3JlYXRlIjo1NDAwMDAwMDAwMDAwLCJkZWxldGUiOjU0MDAwMDAwMDAwMDAsInJlYWQiOjMwMDAwMDAwMDAwMCwidXBkYXRlIjo1NDAwMDAwMDAwMDAwfSwic2NoZW1hX3ZlcnNpb24iOiIwIn0="
        }
      ]
    },
    {
      "mode": "managed",
      "type": "random_id",
      "name": "random",
      "provider": "provider[\"registry.terraform.io/hashicorp/random\"]",
      "instances": [
        {
          "schema_version": 0,
          "attributes": {
            "b64_std": "9gqrHg==",
            "b64_url": "9gqrHg",
            "byte_length": 4,
            "dec": "4127894302",
            "hex": "f60aab1e",
            "id": "9gqrHg",
            "keepers": null,
            "prefix": null
          },
          "sensitive_attributes": []
        }
      ]
    }
  ],
  "check_results": null
}
